
Microsoft Visual Studio Solution File, Format Version 12.00
# Visual Studio Version 17
VisualStudioVersion = 17.11.35327.3
MinimumVisualStudioVersion = 10.0.40219.1
Project("{FAE04EC0-301F-11D3-BF4B-00C04F79EFBC}") = "WindowsFormsApp1", "WindowsFormsApp1\WindowsFormsApp1.csproj", "{458599F6-BDDF-4221-A70D-266CD6939B18}"
EndProject
Global
	GlobalSection(SolutionConfigurationPlatforms) = preSolution
		Debug|Any CPU = Debug|Any CPU
		Debug|x64 = Debug|x64
		Release|Any CPU = Release|Any CPU
		Release|x64 = Release|x64
	EndGlobalSection
	GlobalSection(ProjectConfigurationPlatforms) = postSolution
		{458599F6-BDDF-4221-A70D-266CD6939B18}.Debug|Any CPU.ActiveCfg = Debug|Any CPU
		{458599F6-BDDF-4221-A70D-266CD6939B18}.Debug|Any CPU.Build.0 = Debug|Any CPU
		{458599F6-BDDF-4221-A70D-266CD6939B18}.Debug|x64.ActiveCfg = Debug|x64
		{458599F6-BDDF-4221-A70D-266CD6939B18}.Debug|x64.Build.0 = Debug|x64
		{458599F6-BDDF-4221-A70D-266CD6939B18}.Release|Any CPU.ActiveCfg = Release|Any CPU
		{458599F6-BDDF-4221-A70D-266CD6939B18}.Release|Any CPU.Build.0 = Release|Any CPU
		{458599F6-BDDF-4221-A70D-266CD6939B18}.Release|x64.ActiveCfg = Release|x64
		{458599F6-BDDF-4221-A70D-266CD6939B18}.Release|x64.Build.0 = Release|x64
	EndGlobalSection
	GlobalSection(SolutionProperties) = preSolution
		HideSolutionNode = FALSE
	EndGlobalSection
	GlobalSection(ExtensibilityGlobals) = postSolution
		SolutionGuid = {EA591274-6443-48BF-B7E8-2C92EA7C0B45}
	EndGlobalSection
EndGlobal
